%{"atomic_map": {:hex, :atomic_map, "0.9.0"},
  "bunt": {:hex, :bunt, "0.1.5", "c378ea1698232597d3778e4b83234dcea4a60e7c28114b0fe53657a2c0d8885e", [:mix], []},
  "certifi": {:hex, :certifi, "0.4.0", "a7966efb868b179023618d29a407548f70c52466bf1849b9e8ebd0e34b7ea11f", [:rebar3], []},
  "chacha20": {:hex, :chacha20, "0.3.2", "cc21f585457f49ba4c2b047ce15e7865193dc74cb13aea8146f496766bceef5b", [:mix], []},
  "credo": {:hex, :credo, "0.3.13", "90d2d2deb9d376bb2a63f81126a320c3920ce65acb1294982ab49a8aacc7d89f", [:mix], [{:bunt, "~> 0.1.4", [hex: :bunt, optional: false]}]},
  "curve25519": {:hex, :curve25519, "0.1.0", "49d5966a216762d107f8f9d2a5db04a5f86041b832e150f5cc46e3e45ce888aa", [:mix], []},
  "dns": {:hex, :dns, "0.0.3", "d2acbeeb105deb2692faeedccf65d3512c88fea8118f0451f926de06f1f7e0ad", [:mix], []},
  "earmark": {:hex, :earmark, "0.2.1", "ba6d26ceb16106d069b289df66751734802777a3cbb6787026dd800ffeb850f3", [:mix], []},
  "ed25519": {:hex, :ed25519, "0.2.0", "dd353bbd4ebcd16b976f868ac9580c3f52db2cf97540a9343c51cd67d84ba997", [:mix], []},
  "enacl": {:git, "https://github.com/jlouis/enacl.git", "2ee171bcbf9fae247dc838227fc69296368f7d52", []},
  "equivalex": {:hex, :equivalex, "0.1.0", "9dae9e4781bbba3e5d76a3436caafec5da689447801cf90209a8eb5523c2e9f0", [:mix], []},
  "ex_doc": {:hex, :ex_doc, "0.11.5", "0dc51cb84f8312162a2313d6c71573a9afa332333d8a332bb12540861b9834db", [:mix], [{:earmark, "~> 0.1.17 or ~> 0.2", [hex: :earmark, optional: true]}]},
  "hackney": {:hex, :hackney, "1.6.0", "8d1e9440c9edf23bf5e5e2fe0c71de03eb265103b72901337394c840eec679ac", [:rebar3], [{:ssl_verify_fun, "1.1.0", [hex: :ssl_verify_fun, optional: false]}, {:mimerl, "1.0.2", [hex: :mimerl, optional: false]}, {:metrics, "1.0.1", [hex: :metrics, optional: false]}, {:idna, "1.2.0", [hex: :idna, optional: false]}, {:certifi, "0.4.0", [hex: :certifi, optional: false]}]},
  "httpoison": {:hex, :httpoison, "0.8.3", "b675a3fdc839a0b8d7a285c6b3747d6d596ae70b6ccb762233a990d7289ccae4", [:mix], [{:hackney, "~> 1.6.0", [hex: :hackney, optional: false]}]},
  "idna": {:hex, :idna, "1.2.0", "ac62ee99da068f43c50dc69acf700e03a62a348360126260e87f2b54eced86b2", [:rebar3], []},
  "inch_ex": {:hex, :inch_ex, "0.5.1", "c1c18966c935944cbb2d273796b36e44fab3c54fd59f906ff026a686205b4e14", [:mix], [{:poison, "~> 1.5 or ~> 2.0", [hex: :poison, optional: false]}]},
  "kcl": {:hex, :kcl, "0.6.2", "c9b20ccc4df858618908748ee4bda2ad2092d2a7cbf0a4e5726c48e2005dc134", [:mix], [{:salsa20, "~> 0.3", [hex: :salsa20, optional: false]}, {:poly1305, "~> 0.4", [hex: :poly1305, optional: false]}, {:ed25519, "~> 0.2", [hex: :ed25519, optional: false]}, {:curve25519, "~> 0.1", [hex: :curve25519, optional: false]}]},
  "metrics": {:hex, :metrics, "1.0.1", "25f094dea2cda98213cecc3aeff09e940299d950904393b2a29d191c346a8486", [:rebar3], []},
  "mimerl": {:hex, :mimerl, "1.0.2", "993f9b0e084083405ed8252b99460c4f0563e41729ab42d9074fd5e52439be88", [:rebar3], []},
  "nacl": {:hex, :nacl, "0.3.0", "aa7009e7d72c91948b0fefc707b4d81bb23bf54d8e9908ca6dfc6d26f34a114e", [:rebar], []},
  "poison": {:hex, :poison, "2.1.0", "f583218ced822675e484648fa26c933d621373f01c6c76bd00005d7bd4b82e27", [:mix], []},
  "poly1305": {:hex, :poly1305, "0.4.1", "432cecd505231eb800d31bd3c62932e6a5402463b44f05466dae0e40d7cabb21", [:mix], [{:equivalex, "~> 0.1", [hex: :equivalex, optional: false]}, {:chacha20, "~> 0.3", [hex: :chacha20, optional: false]}]},
  "porcelain": {:hex, :porcelain, "2.0.1", "9c3db2b47d8cf6879c0d9ac79db8657333974a88faff09e856569e00c1b5e119", [:mix], []},
  "salsa20": {:hex, :salsa20, "0.3.0", "1938dde6e3fe7d766aeb6269b7df13490d4d0487f3eae7bf431e3f66ccc8f6d4", [:mix], []},
  "savory": {:hex, :savory, "0.0.2", "edad30ca5cd11e36000e19ddc68daf6fd04d5142beb1899ff79e1afbe64f63ee", [:make, :mix], []},
  "socket": {:hex, :socket, "0.3.4", "4fed773102445eb333b4536610b8d9a9ba3c3e85cc84c7491991af9653819d65", [:mix], []},
  "ssl_verify_fun": {:hex, :ssl_verify_fun, "1.1.0", "edee20847c42e379bf91261db474ffbe373f8acb56e9079acb6038d4e0bf414f", [:rebar, :make], []},
  "temp": {:hex, :temp, "0.4.1", "5e8a0fa2013837b4bbe7ae8bd613c1d44879250e72026564ecae53cedab4fdd6", [:mix], []},
  "websocket_client": {:git, "https://github.com/jeremyong/websocket_client.git", "f6892c8b55004008ce2d52be7d98b156f3e34569", []}}
