%{"atomic_map": {:hex, :atomic_map, "0.9.0"},
  "bunt": {:hex, :bunt, "0.1.6", "5d95a6882f73f3b9969fdfd1953798046664e6f77ec4e486e6fafc7caad97c6f", [:mix], []},
  "certifi": {:hex, :certifi, "0.4.0", "a7966efb868b179023618d29a407548f70c52466bf1849b9e8ebd0e34b7ea11f", [:rebar3], []},
  "chacha20": {:hex, :chacha20, "0.3.3", "84f579b53a0f21375ae10192e9d1f6f01f7f9de374bdb6b097195df1eb08e087", [:mix], []},
  "credo": {:hex, :credo, "0.4.5", "5c5daaf50a2a96068c0f21b6fbd382d206702efa8836a946eeab0b8ac25f5f22", [:mix], [{:bunt, "~> 0.1.6", [hex: :bunt, optional: false]}]},
  "curve25519": {:hex, :curve25519, "0.1.1", "51bc1d6eacfb8107142dd59a36f2dd0277ae8ec7869624d1e9136fec8292cf31", [:mix], []},
  "dns": {:hex, :dns, "0.0.3", "d2acbeeb105deb2692faeedccf65d3512c88fea8118f0451f926de06f1f7e0ad", [:mix], []},
  "earmark": {:hex, :earmark, "0.2.1", "ba6d26ceb16106d069b289df66751734802777a3cbb6787026dd800ffeb850f3", [:mix], []},
  "ed25519": {:hex, :ed25519, "0.2.2", "8ffe7660687bc51c2687b6f2ed9281de159900a62aa28a71323803ffb9c433c3", [:mix], []},
  "enacl": {:git, "https://github.com/jlouis/enacl.git", "2ee171bcbf9fae247dc838227fc69296368f7d52", []},
  "equivalex": {:hex, :equivalex, "0.1.1", "af8d2c2aa09d46a5de7f8fa64b3ee436171520b9eee96eb5bcb8d7e48d42e522", [:mix], []},
  "ex_doc": {:hex, :ex_doc, "0.12.0", "b774aabfede4af31c0301aece12371cbd25995a21bb3d71d66f5c2fe074c603f", [:mix], [{:earmark, "~> 0.2", [hex: :earmark, optional: false]}]},
  "hackney": {:hex, :hackney, "1.6.1", "ddd22d42db2b50e6a155439c8811b8f6df61a4395de10509714ad2751c6da817", [:rebar3], [{:ssl_verify_fun, "1.1.0", [hex: :ssl_verify_fun, optional: false]}, {:mimerl, "1.0.2", [hex: :mimerl, optional: false]}, {:metrics, "1.0.1", [hex: :metrics, optional: false]}, {:idna, "1.2.0", [hex: :idna, optional: false]}, {:certifi, "0.4.0", [hex: :certifi, optional: false]}]},
  "httpoison": {:hex, :httpoison, "0.9.0", "68187a2daddfabbe7ca8f7d75ef227f89f0e1507f7eecb67e4536b3c516faddb", [:mix], [{:hackney, "~> 1.6.0", [hex: :hackney, optional: false]}]},
  "idna": {:hex, :idna, "1.2.0", "ac62ee99da068f43c50dc69acf700e03a62a348360126260e87f2b54eced86b2", [:rebar3], []},
  "inch_ex": {:hex, :inch_ex, "0.5.3", "39f11e96181ab7edc9c508a836b33b5d9a8ec0859f56886852db3d5708889ae7", [:mix], [{:poison, "~> 1.5 or ~> 2.0", [hex: :poison, optional: false]}]},
  "kcl": {:hex, :kcl, "0.6.3", "29477171d12ee85f14d7d13539e61fbb62c38b78a9ea990dabff015377146a10", [:mix], [{:poly1305, "~> 0.4", [hex: :poly1305, optional: false]}, {:salsa20, "~> 0.3", [hex: :salsa20, optional: false]}, {:curve25519, "~> 0.1", [hex: :curve25519, optional: false]}, {:ed25519, "~> 0.2", [hex: :ed25519, optional: false]}]},
  "metrics": {:hex, :metrics, "1.0.1", "25f094dea2cda98213cecc3aeff09e940299d950904393b2a29d191c346a8486", [:rebar3], []},
  "mimerl": {:hex, :mimerl, "1.0.2", "993f9b0e084083405ed8252b99460c4f0563e41729ab42d9074fd5e52439be88", [:rebar3], []},
  "nacl": {:hex, :nacl, "0.3.0", "aa7009e7d72c91948b0fefc707b4d81bb23bf54d8e9908ca6dfc6d26f34a114e", [:rebar], []},
  "poison": {:hex, :poison, "2.2.0", "4763b69a8a77bd77d26f477d196428b741261a761257ff1cf92753a0d4d24a63", [:mix], []},
  "poly1305": {:hex, :poly1305, "0.4.2", "92f0459edb6a2ac5ff2c2fd05bb61c6f9a3f2e22f83a77b0e7663168a450f34c", [:mix], [{:equivalex, "~> 0.1", [hex: :equivalex, optional: false]}, {:chacha20, "~> 0.3", [hex: :chacha20, optional: false]}]},
  "porcelain": {:hex, :porcelain, "2.0.1", "9c3db2b47d8cf6879c0d9ac79db8657333974a88faff09e856569e00c1b5e119", [:mix], []},
  "salsa20": {:hex, :salsa20, "0.3.1", "684a635b87c71fc8e8e0a21629d22f56944e2f032cc650f542c85e6bae38fc19", [:mix], []},
  "savory": {:hex, :savory, "0.0.2", "edad30ca5cd11e36000e19ddc68daf6fd04d5142beb1899ff79e1afbe64f63ee", [:make, :mix], []},
  "socket": {:hex, :socket, "0.3.5", "6c23772e7eda60f129f36dd69a61930aab18ae9b8d74d7f767c85355cf0b585d", [:mix], []},
  "ssl_verify_fun": {:hex, :ssl_verify_fun, "1.1.0", "edee20847c42e379bf91261db474ffbe373f8acb56e9079acb6038d4e0bf414f", [:rebar, :make], []},
  "temp": {:hex, :temp, "0.4.1", "5e8a0fa2013837b4bbe7ae8bd613c1d44879250e72026564ecae53cedab4fdd6", [:mix], []},
  "websocket_client": {:hex, :websocket_client, "1.1.0", "c1ac9162a2286d3ca747417b1717090e762becba1f9f0bde359cb0318b066636", [:rebar3], []}}
